// !$*UTF8*$!
{
	archiveVersion = 1;
	classes = {
	};
	objectVersion = 56;
	objects = {

/* Begin PBXBuildFile section */
		FABE6B0B2C8E5EA8002F0F87 /* SwiftDataCryptoKitDemoApp.swift in Sources */ = {isa = PBXBuildFile; fileRef = FABE6B0A2C8E5EA8002F0F87 /* SwiftDataCryptoKitDemoApp.swift */; };
		FABE6B0D2C8E5EA8002F0F87 /* HomeView.swift in Sources */ = {isa = PBXBuildFile; fileRef = FABE6B0C2C8E5EA8002F0F87 /* HomeView.swift */; };
		FABE6B0F2C8E5EAA002F0F87 /* Assets.xcassets in Resources */ = {isa = PBXBuildFile; fileRef = FABE6B0E2C8E5EAA002F0F87 /* Assets.xcassets */; };
		FABE6B122C8E5EAA002F0F87 /* Preview Assets.xcassets in Resources */ = {isa = PBXBuildFile; fileRef = FABE6B112C8E5EAA002F0F87 /* Preview Assets.xcassets */; };
		FABE6B1C2C8E5EAA002F0F87 /* SwiftDataCryptoKitDemoTests.swift in Sources */ = {isa = PBXBuildFile; fileRef = FABE6B1B2C8E5EAA002F0F87 /* SwiftDataCryptoKitDemoTests.swift */; };
		FABE6B262C8E5EAA002F0F87 /* SwiftDataCryptoKitDemoUITests.swift in Sources */ = {isa = PBXBuildFile; fileRef = FABE6B252C8E5EAA002F0F87 /* SwiftDataCryptoKitDemoUITests.swift */; };
		FABE6B282C8E5EAA002F0F87 /* SwiftDataCryptoKitDemoUITestsLaunchTests.swift in Sources */ = {isa = PBXBuildFile; fileRef = FABE6B272C8E5EAA002F0F87 /* SwiftDataCryptoKitDemoUITestsLaunchTests.swift */; };
		FABE6B352C8E5F2C002F0F87 /* README.md in Resources */ = {isa = PBXBuildFile; fileRef = FABE6B342C8E5F2C002F0F87 /* README.md */; };
		FABE6B382C8E60C2002F0F87 /* SymmetricKey+Extensions.swift in Sources */ = {isa = PBXBuildFile; fileRef = FABE6B372C8E60C2002F0F87 /* SymmetricKey+Extensions.swift */; };
		FABE6B3B2C8E626C002F0F87 /* Transaction.swift in Sources */ = {isa = PBXBuildFile; fileRef = FABE6B3A2C8E626C002F0F87 /* Transaction.swift */; };
/* End PBXBuildFile section */

/* Begin PBXContainerItemProxy section */
		FABE6B182C8E5EAA002F0F87 /* PBXContainerItemProxy */ = {
			isa = PBXContainerItemProxy;
			containerPortal = FABE6AFF2C8E5EA8002F0F87 /* Project object */;
			proxyType = 1;
			remoteGlobalIDString = FABE6B062C8E5EA8002F0F87;
			remoteInfo = SwiftDataCryptoKitDemo;
		};
		FABE6B222C8E5EAA002F0F87 /* PBXContainerItemProxy */ = {
			isa = PBXContainerItemProxy;
			containerPortal = FABE6AFF2C8E5EA8002F0F87 /* Project object */;
			proxyType = 1;
			remoteGlobalIDString = FABE6B062C8E5EA8002F0F87;
			remoteInfo = SwiftDataCryptoKitDemo;
		};
/* End PBXContainerItemProxy section */

/* Begin PBXFileReference section */
		FABE6B072C8E5EA8002F0F87 /* SwiftDataCryptoKitDemo.app */ = {isa = PBXFileReference; explicitFileType = wrapper.application; includeInIndex = 0; path = SwiftDataCryptoKitDemo.app; sourceTree = BUILT_PRODUCTS_DIR; };
		FABE6B0A2C8E5EA8002F0F87 /* SwiftDataCryptoKitDemoApp.swift */ = {isa = PBXFileReference; lastKnownFileType = sourcecode.swift; path = SwiftDataCryptoKitDemoApp.swift; sourceTree = "<group>"; };
		FABE6B0C2C8E5EA8002F0F87 /* HomeView.swift */ = {isa = PBXFileReference; lastKnownFileType = sourcecode.swift; path = HomeView.swift; sourceTree = "<group>"; };
		FABE6B0E2C8E5EAA002F0F87 /* Assets.xcassets */ = {isa = PBXFileReference; lastKnownFileType = folder.assetcatalog; path = Assets.xcassets; sourceTree = "<group>"; };
		FABE6B112C8E5EAA002F0F87 /* Preview Assets.xcassets */ = {isa = PBXFileReference; lastKnownFileType = folder.assetcatalog; path = "Preview Assets.xcassets"; sourceTree = "<group>"; };
		FABE6B172C8E5EAA002F0F87 /* SwiftDataCryptoKitDemoTests.xctest */ = {isa = PBXFileReference; explicitFileType = wrapper.cfbundle; includeInIndex = 0; path = SwiftDataCryptoKitDemoTests.xctest; sourceTree = BUILT_PRODUCTS_DIR; };
		FABE6B1B2C8E5EAA002F0F87 /* SwiftDataCryptoKitDemoTests.swift */ = {isa = PBXFileReference; lastKnownFileType = sourcecode.swift; path = SwiftDataCryptoKitDemoTests.swift; sourceTree = "<group>"; };
		FABE6B212C8E5EAA002F0F87 /* SwiftDataCryptoKitDemoUITests.xctest */ = {isa = PBXFileReference; explicitFileType = wrapper.cfbundle; includeInIndex = 0; path = SwiftDataCryptoKitDemoUITests.xctest; sourceTree = BUILT_PRODUCTS_DIR; };
		FABE6B252C8E5EAA002F0F87 /* SwiftDataCryptoKitDemoUITests.swift */ = {isa = PBXFileReference; lastKnownFileType = sourcecode.swift; path = SwiftDataCryptoKitDemoUITests.swift; sourceTree = "<group>"; };
		FABE6B272C8E5EAA002F0F87 /* SwiftDataCryptoKitDemoUITestsLaunchTests.swift */ = {isa = PBXFileReference; lastKnownFileType = sourcecode.swift; path = SwiftDataCryptoKitDemoUITestsLaunchTests.swift; sourceTree = "<group>"; };
		FABE6B342C8E5F2C002F0F87 /* README.md */ = {isa = PBXFileReference; fileEncoding = 4; lastKnownFileType = net.daringfireball.markdown; path = README.md; sourceTree = "<group>"; };
		FABE6B372C8E60C2002F0F87 /* SymmetricKey+Extensions.swift */ = {isa = PBXFileReference; lastKnownFileType = sourcecode.swift; path = "SymmetricKey+Extensions.swift"; sourceTree = "<group>"; };
		FABE6B3A2C8E626C002F0F87 /* Transaction.swift */ = {isa = PBXFileReference; lastKnownFileType = sourcecode.swift; path = Transaction.swift; sourceTree = "<group>"; };
/* End PBXFileReference section */

/* Begin PBXFrameworksBuildPhase section */
		FABE6B042C8E5EA8002F0F87 /* Frameworks */ = {
			isa = PBXFrameworksBuildPhase;
			buildActionMask = 2147483647;
			files = (
			);
			runOnlyForDeploymentPostprocessing = 0;
		};
		FABE6B142C8E5EAA002F0F87 /* Frameworks */ = {
			isa = PBXFrameworksBuildPhase;
			buildActionMask = 2147483647;
			files = (
			);
			runOnlyForDeploymentPostprocessing = 0;
		};
		FABE6B1E2C8E5EAA002F0F87 /* Frameworks */ = {
			isa = PBXFrameworksBuildPhase;
			buildActionMask = 2147483647;
			files = (
			);
			runOnlyForDeploymentPostprocessing = 0;
		};
/* End PBXFrameworksBuildPhase section */

/* Begin PBXGroup section */
		FABE6AFE2C8E5EA8002F0F87 = {
			isa = PBXGroup;
			children = (
				FABE6B342C8E5F2C002F0F87 /* README.md */,
				FABE6B092C8E5EA8002F0F87 /* SwiftDataCryptoKitDemo */,
				FABE6B1A2C8E5EAA002F0F87 /* SwiftDataCryptoKitDemoTests */,
				FABE6B242C8E5EAA002F0F87 /* SwiftDataCryptoKitDemoUITests */,
				FABE6B082C8E5EA8002F0F87 /* Products */,
			);
			sourceTree = "<group>";
		};
		FABE6B082C8E5EA8002F0F87 /* Products */ = {
			isa = PBXGroup;
			children = (
				FABE6B072C8E5EA8002F0F87 /* SwiftDataCryptoKitDemo.app */,
				FABE6B172C8E5EAA002F0F87 /* SwiftDataCryptoKitDemoTests.xctest */,
				FABE6B212C8E5EAA002F0F87 /* SwiftDataCryptoKitDemoUITests.xctest */,
			);
			name = Products;
			sourceTree = "<group>";
		};
		FABE6B092C8E5EA8002F0F87 /* SwiftDataCryptoKitDemo */ = {
			isa = PBXGroup;
			children = (
				FABE6B0A2C8E5EA8002F0F87 /* SwiftDataCryptoKitDemoApp.swift */,
				FABE6B3C2C8E6271002F0F87 /* Model */,
				FABE6B392C8E60C6002F0F87 /* Extensions */,
				FABE6B362C8E5F80002F0F87 /* View */,
				FABE6B0E2C8E5EAA002F0F87 /* Assets.xcassets */,
				FABE6B102C8E5EAA002F0F87 /* Preview Content */,
			);
			path = SwiftDataCryptoKitDemo;
			sourceTree = "<group>";
		};
		FABE6B102C8E5EAA002F0F87 /* Preview Content */ = {
			isa = PBXGroup;
			children = (
				FABE6B112C8E5EAA002F0F87 /* Preview Assets.xcassets */,
			);
			path = "Preview Content";
			sourceTree = "<group>";
		};
		FABE6B1A2C8E5EAA002F0F87 /* SwiftDataCryptoKitDemoTests */ = {
			isa = PBXGroup;
			children = (
				FABE6B1B2C8E5EAA002F0F87 /* SwiftDataCryptoKitDemoTests.swift */,
			);
			path = SwiftDataCryptoKitDemoTests;
			sourceTree = "<group>";
		};
		FABE6B242C8E5EAA002F0F87 /* SwiftDataCryptoKitDemoUITests */ = {
			isa = PBXGroup;
			children = (
				FABE6B252C8E5EAA002F0F87 /* SwiftDataCryptoKitDemoUITests.swift */,
				FABE6B272C8E5EAA002F0F87 /* SwiftDataCryptoKitDemoUITestsLaunchTests.swift */,
			);
			path = SwiftDataCryptoKitDemoUITests;
			sourceTree = "<group>";
		};
		FABE6B362C8E5F80002F0F87 /* View */ = {
			isa = PBXGroup;
			children = (
				FABE6B0C2C8E5EA8002F0F87 /* HomeView.swift */,
			);
			path = View;
			sourceTree = "<group>";
		};
		FABE6B392C8E60C6002F0F87 /* Extensions */ = {
			isa = PBXGroup;
			children = (
				FABE6B372C8E60C2002F0F87 /* SymmetricKey+Extensions.swift */,
			);
			path = Extensions;
			sourceTree = "<group>";
		};
		FABE6B3C2C8E6271002F0F87 /* Model */ = {
			isa = PBXGroup;
			children = (
				FABE6B3A2C8E626C002F0F87 /* Transaction.swift */,
			);
			path = Model;
			sourceTree = "<group>";
		};
/* End PBXGroup section */

/* Begin PBXNativeTarget section */
		FABE6B062C8E5EA8002F0F87 /* SwiftDataCryptoKitDemo */ = {
			isa = PBXNativeTarget;
			buildConfigurationList = FABE6B2B2C8E5EAA002F0F87 /* Build configuration list for PBXNativeTarget "SwiftDataCryptoKitDemo" */;
			buildPhases = (
				FABE6B032C8E5EA8002F0F87 /* Sources */,
				FABE6B042C8E5EA8002F0F87 /* Frameworks */,
				FABE6B052C8E5EA8002F0F87 /* Resources */,
			);
			buildRules = (
			);
			dependencies = (
			);
			name = SwiftDataCryptoKitDemo;
			productName = SwiftDataCryptoKitDemo;
			productReference = FABE6B072C8E5EA8002F0F87 /* SwiftDataCryptoKitDemo.app */;
			productType = "com.apple.product-type.application";
		};
		FABE6B162C8E5EAA002F0F87 /* SwiftDataCryptoKitDemoTests */ = {
			isa = PBXNativeTarget;
			buildConfigurationList = FABE6B2E2C8E5EAA002F0F87 /* Build configuration list for PBXNativeTarget "SwiftDataCryptoKitDemoTests" */;
			buildPhases = (
				FABE6B132C8E5EAA002F0F87 /* Sources */,
				FABE6B142C8E5EAA002F0F87 /* Frameworks */,
				FABE6B152C8E5EAA002F0F87 /* Resources */,
			);
			buildRules = (
			);
			dependencies = (
				FABE6B192C8E5EAA002F0F87 /* PBXTargetDependency */,
			);
			name = SwiftDataCryptoKitDemoTests;
			productName = SwiftDataCryptoKitDemoTests;
			productReference = FABE6B172C8E5EAA002F0F87 /* SwiftDataCryptoKitDemoTests.xctest */;
			productType = "com.apple.product-type.bundle.unit-test";
		};
		FABE6B202C8E5EAA002F0F87 /* SwiftDataCryptoKitDemoUITests */ = {
			isa = PBXNativeTarget;
			buildConfigurationList = FABE6B312C8E5EAA002F0F87 /* Build configuration list for PBXNativeTarget "SwiftDataCryptoKitDemoUITests" */;
			buildPhases = (
				FABE6B1D2C8E5EAA002F0F87 /* Sources */,
				FABE6B1E2C8E5EAA002F0F87 /* Frameworks */,
				FABE6B1F2C8E5EAA002F0F87 /* Resources */,
			);
			buildRules = (
			);
			dependencies = (
				FABE6B232C8E5EAA002F0F87 /* PBXTargetDependency */,
			);
			name = SwiftDataCryptoKitDemoUITests;
			productName = SwiftDataCryptoKitDemoUITests;
			productReference = FABE6B212C8E5EAA002F0F87 /* SwiftDataCryptoKitDemoUITests.xctest */;
			productType = "com.apple.product-type.bundle.ui-testing";
		};
/* End PBXNativeTarget section */

/* Begin PBXProject section */
		FABE6AFF2C8E5EA8002F0F87 /* Project object */ = {
			isa = PBXProject;
			attributes = {
				BuildIndependentTargetsInParallel = 1;
				LastSwiftUpdateCheck = 1540;
				LastUpgradeCheck = 1540;
				TargetAttributes = {
					FABE6B062C8E5EA8002F0F87 = {
						CreatedOnToolsVersion = 15.4;
					};
					FABE6B162C8E5EAA002F0F87 = {
						CreatedOnToolsVersion = 15.4;
						TestTargetID = FABE6B062C8E5EA8002F0F87;
					};
					FABE6B202C8E5EAA002F0F87 = {
						CreatedOnToolsVersion = 15.4;
						TestTargetID = FABE6B062C8E5EA8002F0F87;
					};
				};
			};
			buildConfigurationList = FABE6B022C8E5EA8002F0F87 /* Build configuration list for PBXProject "SwiftDataCryptoKitDemo" */;
			compatibilityVersion = "Xcode 14.0";
			developmentRegion = en;
			hasScannedForEncodings = 0;
			knownRegions = (
				en,
				Base,
			);
			mainGroup = FABE6AFE2C8E5EA8002F0F87;
			productRefGroup = FABE6B082C8E5EA8002F0F87 /* Products */;
			projectDirPath = "";
			projectRoot = "";
			targets = (
				FABE6B062C8E5EA8002F0F87 /* SwiftDataCryptoKitDemo */,
				FABE6B162C8E5EAA002F0F87 /* SwiftDataCryptoKitDemoTests */,
				FABE6B202C8E5EAA002F0F87 /* SwiftDataCryptoKitDemoUITests */,
			);
		};
/* End PBXProject section */

/* Begin PBXResourcesBuildPhase section */
		FABE6B052C8E5EA8002F0F87 /* Resources */ = {
			isa = PBXResourcesBuildPhase;
			buildActionMask = 2147483647;
			files = (
				FABE6B352C8E5F2C002F0F87 /* README.md in Resources */,
				FABE6B122C8E5EAA002F0F87 /* Preview Assets.xcassets in Resources */,
				FABE6B0F2C8E5EAA002F0F87 /* Assets.xcassets in Resources */,
			);
			runOnlyForDeploymentPostprocessing = 0;
		};
		FABE6B152C8E5EAA002F0F87 /* Resources */ = {
			isa = PBXResourcesBuildPhase;
			buildActionMask = 2147483647;
			files = (
			);
			runOnlyForDeploymentPostprocessing = 0;
		};
		FABE6B1F2C8E5EAA002F0F87 /* Resources */ = {
			isa = PBXResourcesBuildPhase;
			buildActionMask = 2147483647;
			files = (
			);
			runOnlyForDeploymentPostprocessing = 0;
		};
/* End PBXResourcesBuildPhase section */

/* Begin PBXSourcesBuildPhase section */
		FABE6B032C8E5EA8002F0F87 /* Sources */ = {
			isa = PBXSourcesBuildPhase;
			buildActionMask = 2147483647;
			files = (
				FABE6B0D2C8E5EA8002F0F87 /* HomeView.swift in Sources */,
				FABE6B382C8E60C2002F0F87 /* SymmetricKey+Extensions.swift in Sources */,
				FABE6B3B2C8E626C002F0F87 /* Transaction.swift in Sources */,
				FABE6B0B2C8E5EA8002F0F87 /* SwiftDataCryptoKitDemoApp.swift in Sources */,
			);
			runOnlyForDeploymentPostprocessing = 0;
		};
		FABE6B132C8E5EAA002F0F87 /* Sources */ = {
			isa = PBXSourcesBuildPhase;
			buildActionMask = 2147483647;
			files = (
				FABE6B1C2C8E5EAA002F0F87 /* SwiftDataCryptoKitDemoTests.swift in Sources */,
			);
			runOnlyForDeploymentPostprocessing = 0;
		};
		FABE6B1D2C8E5EAA002F0F87 /* Sources */ = {
			isa = PBXSourcesBuildPhase;
			buildActionMask = 2147483647;
			files = (
				FABE6B262C8E5EAA002F0F87 /* SwiftDataCryptoKitDemoUITests.swift in Sources */,
				FABE6B282C8E5EAA002F0F87 /* SwiftDataCryptoKitDemoUITestsLaunchTests.swift in Sources */,
			);
			runOnlyForDeploymentPostprocessing = 0;
		};
/* End PBXSourcesBuildPhase section */

/* Begin PBXTargetDependency section */
		FABE6B192C8E5EAA002F0F87 /* PBXTargetDependency */ = {
			isa = PBXTargetDependency;
			target = FABE6B062C8E5EA8002F0F87 /* SwiftDataCryptoKitDemo */;
			targetProxy = FABE6B182C8E5EAA002F0F87 /* PBXContainerItemProxy */;
		};
		FABE6B232C8E5EAA002F0F87 /* PBXTargetDependency */ = {
			isa = PBXTargetDependency;
			target = FABE6B062C8E5EA8002F0F87 /* SwiftDataCryptoKitDemo */;
			targetProxy = FABE6B222C8E5EAA002F0F87 /* PBXContainerItemProxy */;
		};
/* End PBXTargetDependency section */

/* Begin XCBuildConfiguration section */
		FABE6B292C8E5EAA002F0F87 /* Debug */ = {
			isa = XCBuildConfiguration;
			buildSettings = {
				ALWAYS_SEARCH_USER_PATHS = NO;
				ASSETCATALOG_COMPILER_GENERATE_SWIFT_ASSET_SYMBOL_EXTENSIONS = YES;
				CLANG_ANALYZER_NONNULL = YES;
				CLANG_ANALYZER_NUMBER_OBJECT_CONVERSION = YES_AGGRESSIVE;
				CLANG_CXX_LANGUAGE_STANDARD = "gnu++20";
				CLANG_ENABLE_MODULES = YES;
				CLANG_ENABLE_OBJC_ARC = YES;
				CLANG_ENABLE_OBJC_WEAK = YES;
				CLANG_WARN_BLOCK_CAPTURE_AUTORELEASING = YES;
				CLANG_WARN_BOOL_CONVERSION = YES;
				CLANG_WARN_COMMA = YES;
				CLANG_WARN_CONSTANT_CONVERSION = YES;
				CLANG_WARN_DEPRECATED_OBJC_IMPLEMENTATIONS = YES;
				CLANG_WARN_DIRECT_OBJC_ISA_USAGE = YES_ERROR;
				CLANG_WARN_DOCUMENTATION_COMMENTS = YES;
				CLANG_WARN_EMPTY_BODY = YES;
				CLANG_WARN_ENUM_CONVERSION = YES;
				CLANG_WARN_INFINITE_RECURSION = YES;
				CLANG_WARN_INT_CONVERSION = YES;
				CLANG_WARN_NON_LITERAL_NULL_CONVERSION = YES;
				CLANG_WARN_OBJC_IMPLICIT_RETAIN_SELF = YES;
				CLANG_WARN_OBJC_LITERAL_CONVERSION = YES;
				CLANG_WARN_OBJC_ROOT_CLASS = YES_ERROR;
				CLANG_WARN_QUOTED_INCLUDE_IN_FRAMEWORK_HEADER = YES;
				CLANG_WARN_RANGE_LOOP_ANALYSIS = YES;
				CLANG_WARN_STRICT_PROTOTYPES = YES;
				CLANG_WARN_SUSPICIOUS_MOVE = YES;
				CLANG_WARN_UNGUARDED_AVAILABILITY = YES_AGGRESSIVE;
				CLANG_WARN_UNREACHABLE_CODE = YES;
				CLANG_WARN__DUPLICATE_METHOD_MATCH = YES;
				COPY_PHASE_STRIP = NO;
				DEBUG_INFORMATION_FORMAT = dwarf;
				ENABLE_STRICT_OBJC_MSGSEND = YES;
				ENABLE_TESTABILITY = YES;
				ENABLE_USER_SCRIPT_SANDBOXING = YES;
				GCC_C_LANGUAGE_STANDARD = gnu17;
				GCC_DYNAMIC_NO_PIC = NO;
				GCC_NO_COMMON_BLOCKS = YES;
				GCC_OPTIMIZATION_LEVEL = 0;
				GCC_PREPROCESSOR_DEFINITIONS = (
					"DEBUG=1",
					"$(inherited)",
				);
				GCC_WARN_64_TO_32_BIT_CONVERSION = YES;
				GCC_WARN_ABOUT_RETURN_TYPE = YES_ERROR;
				GCC_WARN_UNDECLARED_SELECTOR = YES;
				GCC_WARN_UNINITIALIZED_AUTOS = YES_AGGRESSIVE;
				GCC_WARN_UNUSED_FUNCTION = YES;
				GCC_WARN_UNUSED_VARIABLE = YES;
				IPHONEOS_DEPLOYMENT_TARGET = 17.5;
				LOCALIZATION_PREFERS_STRING_CATALOGS = YES;
				MTL_ENABLE_DEBUG_INFO = INCLUDE_SOURCE;
				MTL_FAST_MATH = YES;
				ONLY_ACTIVE_ARCH = YES;
				SDKROOT = iphoneos;
				SWIFT_ACTIVE_COMPILATION_CONDITIONS = "DEBUG $(inherited)";
				SWIFT_OPTIMIZATION_LEVEL = "-Onone";
			};
			name = Debug;
		};
		FABE6B2A2C8E5EAA002F0F87 /* Release */ = {
			isa = XCBuildConfiguration;
			buildSettings = {
				ALWAYS_SEARCH_USER_PATHS = NO;
				ASSETCATALOG_COMPILER_GENERATE_SWIFT_ASSET_SYMBOL_EXTENSIONS = YES;
				CLANG_ANALYZER_NONNULL = YES;
				CLANG_ANALYZER_NUMBER_OBJECT_CONVERSION = YES_AGGRESSIVE;
				CLANG_CXX_LANGUAGE_STANDARD = "gnu++20";
				CLANG_ENABLE_MODULES = YES;
				CLANG_ENABLE_OBJC_ARC = YES;
				CLANG_ENABLE_OBJC_WEAK = YES;
				CLANG_WARN_BLOCK_CAPTURE_AUTORELEASING = YES;
				CLANG_WARN_BOOL_CONVERSION = YES;
				CLANG_WARN_COMMA = YES;
				CLANG_WARN_CONSTANT_CONVERSION = YES;
				CLANG_WARN_DEPRECATED_OBJC_IMPLEMENTATIONS = YES;
				CLANG_WARN_DIRECT_OBJC_ISA_USAGE = YES_ERROR;
				CLANG_WARN_DOCUMENTATION_COMMENTS = YES;
				CLANG_WARN_EMPTY_BODY = YES;
				CLANG_WARN_ENUM_CONVERSION = YES;
				CLANG_WARN_INFINITE_RECURSION = YES;
				CLANG_WARN_INT_CONVERSION = YES;
				CLANG_WARN_NON_LITERAL_NULL_CONVERSION = YES;
				CLANG_WARN_OBJC_IMPLICIT_RETAIN_SELF = YES;
				CLANG_WARN_OBJC_LITERAL_CONVERSION = YES;
				CLANG_WARN_OBJC_ROOT_CLASS = YES_ERROR;
				CLANG_WARN_QUOTED_INCLUDE_IN_FRAMEWORK_HEADER = YES;
				CLANG_WARN_RANGE_LOOP_ANALYSIS = YES;
				CLANG_WARN_STRICT_PROTOTYPES = YES;
				CLANG_WARN_SUSPICIOUS_MOVE = YES;
				CLANG_WARN_UNGUARDED_AVAILABILITY = YES_AGGRESSIVE;
				CLANG_WARN_UNREACHABLE_CODE = YES;
				CLANG_WARN__DUPLICATE_METHOD_MATCH = YES;
				COPY_PHASE_STRIP = NO;
				DEBUG_INFORMATION_FORMAT = "dwarf-with-dsym";
				ENABLE_NS_ASSERTIONS = NO;
				ENABLE_STRICT_OBJC_MSGSEND = YES;
				ENABLE_USER_SCRIPT_SANDBOXING = YES;
				GCC_C_LANGUAGE_STANDARD = gnu17;
				GCC_NO_COMMON_BLOCKS = YES;
				GCC_WARN_64_TO_32_BIT_CONVERSION = YES;
				GCC_WARN_ABOUT_RETURN_TYPE = YES_ERROR;
				GCC_WARN_UNDECLARED_SELECTOR = YES;
				GCC_WARN_UNINITIALIZED_AUTOS = YES_AGGRESSIVE;
				GCC_WARN_UNUSED_FUNCTION = YES;
				GCC_WARN_UNUSED_VARIABLE = YES;
				IPHONEOS_DEPLOYMENT_TARGET = 17.5;
				LOCALIZATION_PREFERS_STRING_CATALOGS = YES;
				MTL_ENABLE_DEBUG_INFO = NO;
				MTL_FAST_MATH = YES;
				SDKROOT = iphoneos;
				SWIFT_COMPILATION_MODE = wholemodule;
				VALIDATE_PRODUCT = YES;
			};
			name = Release;
		};
		FABE6B2C2C8E5EAA002F0F87 /* Debug */ = {
			isa = XCBuildConfiguration;
			buildSettings = {
				ASSETCATALOG_COMPILER_APPICON_NAME = AppIcon;
				ASSETCATALOG_COMPILER_GLOBAL_ACCENT_COLOR_NAME = AccentColor;
				CODE_SIGN_STYLE = Automatic;
				CURRENT_PROJECT_VERSION = 1;
				DEVELOPMENT_ASSET_PATHS = "\"SwiftDataCryptoKitDemo/Preview Content\"";
				DEVELOPMENT_TEAM = XN6MYS666M;
				ENABLE_PREVIEWS = YES;
				GENERATE_INFOPLIST_FILE = YES;
				INFOPLIST_KEY_UIApplicationSceneManifest_Generation = YES;
				INFOPLIST_KEY_UIApplicationSupportsIndirectInputEvents = YES;
				INFOPLIST_KEY_UILaunchScreen_Generation = YES;
				INFOPLIST_KEY_UISupportedInterfaceOrientations_iPad = "UIInterfaceOrientationPortrait UIInterfaceOrientationPortraitUpsideDown UIInterfaceOrientationLandscapeLeft UIInterfaceOrientationLandscapeRight";
				INFOPLIST_KEY_UISupportedInterfaceOrientations_iPhone = "UIInterfaceOrientationPortrait UIInterfaceOrientationLandscapeLeft UIInterfaceOrientationLandscapeRight";
				LD_RUNPATH_SEARCH_PATHS = (
					"$(inherited)",
					"@executable_path/Frameworks",
				);
				MARKETING_VERSION = 1.0;
				PRODUCT_BUNDLE_IDENTIFIER = com.enterthesource.SwiftDataCryptoKitDemo;
				PRODUCT_NAME = "$(TARGET_NAME)";
				SWIFT_EMIT_LOC_STRINGS = YES;
				SWIFT_VERSION = 5.0;
				TARGETED_DEVICE_FAMILY = "1,2";
			};
			name = Debug;
		};
		FABE6B2D2C8E5EAA002F0F87 /* Release */ = {
			isa = XCBuildConfiguration;
			buildSettings = {
				ASSETCATALOG_COMPILER_APPICON_NAME = AppIcon;
				ASSETCATALOG_COMPILER_GLOBAL_ACCENT_COLOR_NAME = AccentColor;
				CODE_SIGN_STYLE = Automatic;
				CURRENT_PROJECT_VERSION = 1;
				DEVELOPMENT_ASSET_PATHS = "\"SwiftDataCryptoKitDemo/Preview Content\"";
				DEVELOPMENT_TEAM = XN6MYS666M;
				ENABLE_PREVIEWS = YES;
				GENERATE_INFOPLIST_FILE = YES;
				INFOPLIST_KEY_UIApplicationSceneManifest_Generation = YES;
				INFOPLIST_KEY_UIApplicationSupportsIndirectInputEvents = YES;
				INFOPLIST_KEY_UILaunchScreen_Generation = YES;
				INFOPLIST_KEY_UISupportedInterfaceOrientations_iPad = "UIInterfaceOrientationPortrait UIInterfaceOrientationPortraitUpsideDown UIInterfaceOrientationLandscapeLeft UIInterfaceOrientationLandscapeRight";
				INFOPLIST_KEY_UISupportedInterfaceOrientations_iPhone = "UIInterfaceOrientationPortrait UIInterfaceOrientationLandscapeLeft UIInterfaceOrientationLandscapeRight";
				LD_RUNPATH_SEARCH_PATHS = (
					"$(inherited)",
					"@executable_path/Frameworks",
				);
				MARKETING_VERSION = 1.0;
				PRODUCT_BUNDLE_IDENTIFIER = com.enterthesource.SwiftDataCryptoKitDemo;
				PRODUCT_NAME = "$(TARGET_NAME)";
				SWIFT_EMIT_LOC_STRINGS = YES;
				SWIFT_VERSION = 5.0;
				TARGETED_DEVICE_FAMILY = "1,2";
			};
			name = Release;
		};
		FABE6B2F2C8E5EAA002F0F87 /* Debug */ = {
			isa = XCBuildConfiguration;
			buildSettings = {
				ALWAYS_EMBED_SWIFT_STANDARD_LIBRARIES = YES;
				BUNDLE_LOADER = "$(TEST_HOST)";
				CODE_SIGN_STYLE = Automatic;
				CURRENT_PROJECT_VERSION = 1;
				DEVELOPMENT_TEAM = XN6MYS666M;
				GENERATE_INFOPLIST_FILE = YES;
				IPHONEOS_DEPLOYMENT_TARGET = 17.5;
				MARKETING_VERSION = 1.0;
				PRODUCT_BUNDLE_IDENTIFIER = com.enterthesource.SwiftDataCryptoKitDemoTests;
				PRODUCT_NAME = "$(TARGET_NAME)";
				SWIFT_EMIT_LOC_STRINGS = NO;
				SWIFT_VERSION = 5.0;
				TARGETED_DEVICE_FAMILY = "1,2";
				TEST_HOST = "$(BUILT_PRODUCTS_DIR)/SwiftDataCryptoKitDemo.app/$(BUNDLE_EXECUTABLE_FOLDER_PATH)/SwiftDataCryptoKitDemo";
			};
			name = Debug;
		};
		FABE6B302C8E5EAA002F0F87 /* Release */ = {
			isa = XCBuildConfiguration;
			buildSettings = {
				ALWAYS_EMBED_SWIFT_STANDARD_LIBRARIES = YES;
				BUNDLE_LOADER = "$(TEST_HOST)";
				CODE_SIGN_STYLE = Automatic;
				CURRENT_PROJECT_VERSION = 1;
				DEVELOPMENT_TEAM = XN6MYS666M;
				GENERATE_INFOPLIST_FILE = YES;
				IPHONEOS_DEPLOYMENT_TARGET = 17.5;
				MARKETING_VERSION = 1.0;
				PRODUCT_BUNDLE_IDENTIFIER = com.enterthesource.SwiftDataCryptoKitDemoTests;
				PRODUCT_NAME = "$(TARGET_NAME)";
				SWIFT_EMIT_LOC_STRINGS = NO;
				SWIFT_VERSION = 5.0;
				TARGETED_DEVICE_FAMILY = "1,2";
				TEST_HOST = "$(BUILT_PRODUCTS_DIR)/SwiftDataCryptoKitDemo.app/$(BUNDLE_EXECUTABLE_FOLDER_PATH)/SwiftDataCryptoKitDemo";
			};
			name = Release;
		};
		FABE6B322C8E5EAA002F0F87 /* Debug */ = {
			isa = XCBuildConfiguration;
			buildSettings = {
				ALWAYS_EMBED_SWIFT_STANDARD_LIBRARIES = YES;
				CODE_SIGN_STYLE = Automatic;
				CURRENT_PROJECT_VERSION = 1;
				DEVELOPMENT_TEAM = XN6MYS666M;
				GENERATE_INFOPLIST_FILE = YES;
				MARKETING_VERSION = 1.0;
				PRODUCT_BUNDLE_IDENTIFIER = com.enterthesource.SwiftDataCryptoKitDemoUITests;
				PRODUCT_NAME = "$(TARGET_NAME)";
				SWIFT_EMIT_LOC_STRINGS = NO;
				SWIFT_VERSION = 5.0;
				TARGETED_DEVICE_FAMILY = "1,2";
				TEST_TARGET_NAME = SwiftDataCryptoKitDemo;
			};
			name = Debug;
		};
		FABE6B332C8E5EAA002F0F87 /* Release */ = {
			isa = XCBuildConfiguration;
			buildSettings = {
				ALWAYS_EMBED_SWIFT_STANDARD_LIBRARIES = YES;
				CODE_SIGN_STYLE = Automatic;
				CURRENT_PROJECT_VERSION = 1;
				DEVELOPMENT_TEAM = XN6MYS666M;
				GENERATE_INFOPLIST_FILE = YES;
				MARKETING_VERSION = 1.0;
				PRODUCT_BUNDLE_IDENTIFIER = com.enterthesource.SwiftDataCryptoKitDemoUITests;
				PRODUCT_NAME = "$(TARGET_NAME)";
				SWIFT_EMIT_LOC_STRINGS = NO;
				SWIFT_VERSION = 5.0;
				TARGETED_DEVICE_FAMILY = "1,2";
				TEST_TARGET_NAME = SwiftDataCryptoKitDemo;
			};
			name = Release;
		};
/* End XCBuildConfiguration section */

/* Begin XCConfigurationList section */
		FABE6B022C8E5EA8002F0F87 /* Build configuration list for PBXProject "SwiftDataCryptoKitDemo" */ = {
			isa = XCConfigurationList;
			buildConfigurations = (
				FABE6B292C8E5EAA002F0F87 /* Debug */,
				FABE6B2A2C8E5EAA002F0F87 /* Release */,
			);
			defaultConfigurationIsVisible = 0;
			defaultConfigurationName = Release;
		};
		FABE6B2B2C8E5EAA002F0F87 /* Build configuration list for PBXNativeTarget "SwiftDataCryptoKitDemo" */ = {
			isa = XCConfigurationList;
			buildConfigurations = (
				FABE6B2C2C8E5EAA002F0F87 /* Debug */,
				FABE6B2D2C8E5EAA002F0F87 /* Release */,
			);
			defaultConfigurationIsVisible = 0;
			defaultConfigurationName = Release;
		};
		FABE6B2E2C8E5EAA002F0F87 /* Build configuration list for PBXNativeTarget "SwiftDataCryptoKitDemoTests" */ = {
			isa = XCConfigurationList;
			buildConfigurations = (
				FABE6B2F2C8E5EAA002F0F87 /* Debug */,
				FABE6B302C8E5EAA002F0F87 /* Release */,
			);
			defaultConfigurationIsVisible = 0;
			defaultConfigurationName = Release;
		};
		FABE6B312C8E5EAA002F0F87 /* Build configuration list for PBXNativeTarget "SwiftDataCryptoKitDemoUITests" */ = {
			isa = XCConfigurationList;
			buildConfigurations = (
				FABE6B322C8E5EAA002F0F87 /* Debug */,
				FABE6B332C8E5EAA002F0F87 /* Release */,
			);
			defaultConfigurationIsVisible = 0;
			defaultConfigurationName = Release;
		};
/* End XCConfigurationList section */
	};
	rootObject = FABE6AFF2C8E5EA8002F0F87 /* Project object */;
}
